
Microsoft Visual Studio Solution File, Format Version 12.00
# Visual Studio Version 16
VisualStudioVersion = 16.0.31321.278
MinimumVisualStudioVersion = 10.0.40219.1
Project("{FAE04EC0-301F-11D3-BF4B-00C04F79EFBC}") = "EntityFramework", "EntityFramework\EntityFramework.csproj", "{3D1D9422-2A37-49ED-B5F4-406FF07B476C}"
EndProject
Global
	GlobalSection(SolutionConfigurationPlatforms) = preSolution
		Debug|Any CPU = Debug|Any CPU
		Release|Any CPU = Release|Any CPU
	EndGlobalSection
	GlobalSection(ProjectConfigurationPlatforms) = postSolution
		{3D1D9422-2A37-49ED-B5F4-406FF07B476C}.Debug|Any CPU.ActiveCfg = Debug|Any CPU
		{3D1D9422-2A37-49ED-B5F4-406FF07B476C}.Debug|Any CPU.Build.0 = Debug|Any CPU
		{3D1D9422-2A37-49ED-B5F4-406FF07B476C}.Release|Any CPU.ActiveCfg = Release|Any CPU
		{3D1D9422-2A37-49ED-B5F4-406FF07B476C}.Release|Any CPU.Build.0 = Release|Any CPU
	EndGlobalSection
	GlobalSection(SolutionProperties) = preSolution
		HideSolutionNode = FALSE
	EndGlobalSection
	GlobalSection(ExtensibilityGlobals) = postSolution
		SolutionGuid = {71BC1E15-895C-4F64-B71B-33A485B5BC14}
	EndGlobalSection
EndGlobal
